
Microsoft Visual Studio Solution File, Format Version 12.00
# Visual Studio 14
VisualStudioVersion = 14.0.25420.1
MinimumVisualStudioVersion = 10.0.40219.1
Project("{FAE04EC0-301F-11D3-BF4B-00C04F79EFBC}") = "Persons.Service", "Persons.Service\Persons.Service.csproj", "{7B37FB15-9FCA-4725-A9D3-443A871A9684}"
EndProject
Global
	GlobalSection(SolutionConfigurationPlatforms) = preSolution
		Debug|Any CPU = Debug|Any CPU
		Release|Any CPU = Release|Any CPU
	EndGlobalSection
	GlobalSection(ProjectConfigurationPlatforms) = postSolution
		{7B37FB15-9FCA-4725-A9D3-443A871A9684}.Debug|Any CPU.ActiveCfg = Debug|Any CPU
		{7B37FB15-9FCA-4725-A9D3-443A871A9684}.Debug|Any CPU.Build.0 = Debug|Any CPU
		{7B37FB15-9FCA-4725-A9D3-443A871A9684}.Release|Any CPU.ActiveCfg = Release|Any CPU
		{7B37FB15-9FCA-4725-A9D3-443A871A9684}.Release|Any CPU.Build.0 = Release|Any CPU
	EndGlobalSection
	GlobalSection(SolutionProperties) = preSolution
		HideSolutionNode = FALSE
	EndGlobalSection
EndGlobal
